PODS:
  - app (1.0)

DEPENDENCIES:
  - app (from `/Users/alexandre/Development/HubbleApp/app`)

EXTERNAL SOURCES:
  app:
    :path: "/Users/alexandre/Development/HubbleApp/app"

SPEC CHECKSUMS:
  app: d9ff18ae7f412f9f315ffcc55d7ea34ae0c19dae

PODFILE CHECKSUM: 25ff579405a6104d9d0339f03c692e700226e541

COCOAPODS: 1.8.4
